
Microsoft Visual Studio Solution File, Format Version 12.00
# Visual Studio Version 16
VisualStudioVersion = 16.0.30503.244
MinimumVisualStudioVersion = 10.0.40219.1
Project("{FAE04EC0-301F-11D3-BF4B-00C04F79EFBC}") = "SerilogTest", "SerilogTest\SerilogTest.csproj", "{4E72DF58-17C4-486C-9FD8-8F603209E294}"
EndProject
Global
	GlobalSection(SolutionConfigurationPlatforms) = preSolution
		Debug|Any CPU = Debug|Any CPU
		Release|Any CPU = Release|Any CPU
	EndGlobalSection
	GlobalSection(ProjectConfigurationPlatforms) = postSolution
		{4E72DF58-17C4-486C-9FD8-8F603209E294}.Debug|Any CPU.ActiveCfg = Debug|Any CPU
		{4E72DF58-17C4-486C-9FD8-8F603209E294}.Debug|Any CPU.Build.0 = Debug|Any CPU
		{4E72DF58-17C4-486C-9FD8-8F603209E294}.Release|Any CPU.ActiveCfg = Release|Any CPU
		{4E72DF58-17C4-486C-9FD8-8F603209E294}.Release|Any CPU.Build.0 = Release|Any CPU
	EndGlobalSection
	GlobalSection(SolutionProperties) = preSolution
		HideSolutionNode = FALSE
	EndGlobalSection
	GlobalSection(ExtensibilityGlobals) = postSolution
		SolutionGuid = {947D638D-7CF3-48C1-AC2C-C742EC018CA3}
	EndGlobalSection
EndGlobal
